{
  "version": 4,
  "terraform_version": "1.3.3",
  "serial": 81,
  "lineage": "f7465110-fe6a-09b7-6cd3-8f8c8f4ef619",
  "outputs": {
    "linuxvm_master_FQDN": {
      "value": "se31-master.eastus.cloudapp.azure.com",
      "type": "string"
    },
    "linuxvm_password": {
      "value": "AdminPassword1234!",
      "type": "string",
      "sensitive": true
    },
    "linuxvm_username": {
      "value": "adminuser",
      "type": "string"
    },
    "linuxvm_worker_FQDN": {
      "value": "se31-worker.eastus.cloudapp.azure.com",
      "type": "string"
    }
  },
  "resources": [
    {
      "mode": "data",
      "type": "azurerm_resource_group",
      "name": "resourcegroup",
      "provider": "provider[\"registry.terraform.io/hashicorp/azurerm\"]",
      "instances": [
        {
          "schema_version": 0,
          "attributes": {
            "id": "/subscriptions/fd5b7afe-28d8-4713-9892-c235918d8ecf/resourceGroups/se31-k8s101-workshop",
            "location": "eastus",
            "name": "se31-k8s101-workshop",
            "tags": {
              "CreatedOnDate": "2024-02-22T22:23:35.1025040Z"
            },
            "timeouts": null
          },
          "sensitive_attributes": []
        }
      ]
    },
    {
      "mode": "managed",
      "type": "azurerm_network_interface",
      "name": "nic",
      "provider": "provider[\"registry.terraform.io/hashicorp/azurerm\"]",
      "instances": [
        {
          "index_key": "master",
          "schema_version": 0,
          "attributes": {
            "applied_dns_servers": [],
            "dns_servers": [],
            "edge_zone": "",
            "enable_accelerated_networking": false,
            "enable_ip_forwarding": false,
            "id": "/subscriptions/fd5b7afe-28d8-4713-9892-c235918d8ecf/resourceGroups/se31-k8s101-workshop/providers/Microsoft.Network/networkInterfaces/master-node-nic",
            "internal_dns_name_label": "",
            "internal_domain_name_suffix": "mzbngjhcz0benow30bcdmd1dvg.bx.internal.cloudapp.net",
            "ip_configuration": [
              {
                "gateway_load_balancer_frontend_ip_configuration_id": "",
                "name": "master-ipconfig",
                "primary": true,
                "private_ip_address": "10.0.0.4",
                "private_ip_address_allocation": "Dynamic",
                "private_ip_address_version": "IPv4",
                "public_ip_address_id": "/subscriptions/fd5b7afe-28d8-4713-9892-c235918d8ecf/resourceGroups/se31-k8s101-workshop/providers/Microsoft.Network/publicIPAddresses/master-pip",
                "subnet_id": "/subscriptions/fd5b7afe-28d8-4713-9892-c235918d8ecf/resourceGroups/se31-k8s101-workshop/providers/Microsoft.Network/virtualNetworks/linuxvm_network/subnets/protected_subnet"
              }
            ],
            "location": "eastus",
            "mac_address": "",
            "name": "master-node-nic",
            "private_ip_address": "10.0.0.4",
            "private_ip_addresses": [
              "10.0.0.4"
            ],
            "resource_group_name": "se31-k8s101-workshop",
            "tags": null,
            "timeouts": null,
            "virtual_machine_id": ""
          },
          "sensitive_attributes": [],
          "private": "eyJlMmJmYjczMC1lY2FhLTExZTYtOGY4OC0zNDM2M2JjN2M0YzAiOnsiY3JlYXRlIjoxODAwMDAwMDAwMDAwLCJkZWxldGUiOjE4MDAwMDAwMDAwMDAsInJlYWQiOjMwMDAwMDAwMDAwMCwidXBkYXRlIjoxODAwMDAwMDAwMDAwfX0=",
          "dependencies": [
            "azurerm_public_ip.linuxpip",
            "azurerm_subnet.protectedsubnet",
            "azurerm_virtual_network.linuxvmnetwork",
            "data.azurerm_resource_group.resourcegroup"
          ]
        },
        {
          "index_key": "worker",
          "schema_version": 0,
          "attributes": {
            "applied_dns_servers": [],
            "dns_servers": [],
            "edge_zone": "",
            "enable_accelerated_networking": false,
            "enable_ip_forwarding": false,
            "id": "/subscriptions/fd5b7afe-28d8-4713-9892-c235918d8ecf/resourceGroups/se31-k8s101-workshop/providers/Microsoft.Network/networkInterfaces/worker-node-nic",
            "internal_dns_name_label": "",
            "internal_domain_name_suffix": "mzbngjhcz0benow30bcdmd1dvg.bx.internal.cloudapp.net",
            "ip_configuration": [
              {
                "gateway_load_balancer_frontend_ip_configuration_id": "",
                "name": "worker-ipconfig",
                "primary": true,
                "private_ip_address": "10.0.0.5",
                "private_ip_address_allocation": "Dynamic",
                "private_ip_address_version": "IPv4",
                "public_ip_address_id": "/subscriptions/fd5b7afe-28d8-4713-9892-c235918d8ecf/resourceGroups/se31-k8s101-workshop/providers/Microsoft.Network/publicIPAddresses/worker-pip",
                "subnet_id": "/subscriptions/fd5b7afe-28d8-4713-9892-c235918d8ecf/resourceGroups/se31-k8s101-workshop/providers/Microsoft.Network/virtualNetworks/linuxvm_network/subnets/protected_subnet"
              }
            ],
            "location": "eastus",
            "mac_address": "",
            "name": "worker-node-nic",
            "private_ip_address": "10.0.0.5",
            "private_ip_addresses": [
              "10.0.0.5"
            ],
            "resource_group_name": "se31-k8s101-workshop",
            "tags": null,
            "timeouts": null,
            "virtual_machine_id": ""
          },
          "sensitive_attributes": [],
          "private": "eyJlMmJmYjczMC1lY2FhLTExZTYtOGY4OC0zNDM2M2JjN2M0YzAiOnsiY3JlYXRlIjoxODAwMDAwMDAwMDAwLCJkZWxldGUiOjE4MDAwMDAwMDAwMDAsInJlYWQiOjMwMDAwMDAwMDAwMCwidXBkYXRlIjoxODAwMDAwMDAwMDAwfX0=",
          "dependencies": [
            "azurerm_public_ip.linuxpip",
            "azurerm_subnet.protectedsubnet",
            "azurerm_virtual_network.linuxvmnetwork",
            "data.azurerm_resource_group.resourcegroup"
          ]
        }
      ]
    },
    {
      "mode": "managed",
      "type": "azurerm_public_ip",
      "name": "linuxpip",
      "provider": "provider[\"registry.terraform.io/hashicorp/azurerm\"]",
      "instances": [
        {
          "index_key": "master",
          "schema_version": 0,
          "attributes": {
            "allocation_method": "Static",
            "domain_name_label": "se31-master",
            "edge_zone": "",
            "fqdn": "se31-master.eastus.cloudapp.azure.com",
            "id": "/subscriptions/fd5b7afe-28d8-4713-9892-c235918d8ecf/resourceGroups/se31-k8s101-workshop/providers/Microsoft.Network/publicIPAddresses/master-pip",
            "idle_timeout_in_minutes": 4,
            "ip_address": "13.82.100.109",
            "ip_tags": null,
            "ip_version": "IPv4",
            "location": "eastus",
            "name": "master-pip",
            "public_ip_prefix_id": null,
            "resource_group_name": "se31-k8s101-workshop",
            "reverse_fqdn": "",
            "sku": "Basic",
            "sku_tier": "Regional",
            "tags": null,
            "timeouts": null,
            "zones": null
          },
          "sensitive_attributes": [],
          "private": "eyJlMmJmYjczMC1lY2FhLTExZTYtOGY4OC0zNDM2M2JjN2M0YzAiOnsiY3JlYXRlIjoxODAwMDAwMDAwMDAwLCJkZWxldGUiOjE4MDAwMDAwMDAwMDAsInJlYWQiOjMwMDAwMDAwMDAwMCwidXBkYXRlIjoxODAwMDAwMDAwMDAwfX0=",
          "dependencies": [
            "data.azurerm_resource_group.resourcegroup"
          ]
        },
        {
          "index_key": "worker",
          "schema_version": 0,
          "attributes": {
            "allocation_method": "Static",
            "domain_name_label": "se31-worker",
            "edge_zone": "",
            "fqdn": "se31-worker.eastus.cloudapp.azure.com",
            "id": "/subscriptions/fd5b7afe-28d8-4713-9892-c235918d8ecf/resourceGroups/se31-k8s101-workshop/providers/Microsoft.Network/publicIPAddresses/worker-pip",
            "idle_timeout_in_minutes": 4,
            "ip_address": "104.211.41.178",
            "ip_tags": null,
            "ip_version": "IPv4",
            "location": "eastus",
            "name": "worker-pip",
            "public_ip_prefix_id": null,
            "resource_group_name": "se31-k8s101-workshop",
            "reverse_fqdn": "",
            "sku": "Basic",
            "sku_tier": "Regional",
            "tags": null,
            "timeouts": null,
            "zones": null
          },
          "sensitive_attributes": [],
          "private": "eyJlMmJmYjczMC1lY2FhLTExZTYtOGY4OC0zNDM2M2JjN2M0YzAiOnsiY3JlYXRlIjoxODAwMDAwMDAwMDAwLCJkZWxldGUiOjE4MDAwMDAwMDAwMDAsInJlYWQiOjMwMDAwMDAwMDAwMCwidXBkYXRlIjoxODAwMDAwMDAwMDAwfX0=",
          "dependencies": [
            "data.azurerm_resource_group.resourcegroup"
          ]
        }
      ]
    },
    {
      "mode": "managed",
      "type": "azurerm_subnet",
      "name": "protectedsubnet",
      "provider": "provider[\"registry.terraform.io/hashicorp/azurerm\"]",
      "instances": [
        {
          "schema_version": 0,
          "attributes": {
            "address_prefixes": [
              "10.0.0.0/26"
            ],
            "delegation": [],
            "enforce_private_link_endpoint_network_policies": false,
            "enforce_private_link_service_network_policies": false,
            "id": "/subscriptions/fd5b7afe-28d8-4713-9892-c235918d8ecf/resourceGroups/se31-k8s101-workshop/providers/Microsoft.Network/virtualNetworks/linuxvm_network/subnets/protected_subnet",
            "name": "protected_subnet",
            "resource_group_name": "se31-k8s101-workshop",
            "service_endpoint_policy_ids": [],
            "service_endpoints": [],
            "timeouts": null,
            "virtual_network_name": "linuxvm_network"
          },
          "sensitive_attributes": [],
          "private": "eyJlMmJmYjczMC1lY2FhLTExZTYtOGY4OC0zNDM2M2JjN2M0YzAiOnsiY3JlYXRlIjoxODAwMDAwMDAwMDAwLCJkZWxldGUiOjE4MDAwMDAwMDAwMDAsInJlYWQiOjMwMDAwMDAwMDAwMCwidXBkYXRlIjoxODAwMDAwMDAwMDAwfX0=",
          "dependencies": [
            "azurerm_virtual_network.linuxvmnetwork",
            "data.azurerm_resource_group.resourcegroup"
          ]
        }
      ]
    },
    {
      "mode": "managed",
      "type": "azurerm_virtual_network",
      "name": "linuxvmnetwork",
      "provider": "provider[\"registry.terraform.io/hashicorp/azurerm\"]",
      "instances": [
        {
          "schema_version": 0,
          "attributes": {
            "address_space": [
              "10.0.0.0/24"
            ],
            "bgp_community": "",
            "ddos_protection_plan": [],
            "dns_servers": [],
            "edge_zone": "",
            "flow_timeout_in_minutes": 0,
            "guid": "24d34266-cee2-4682-badd-d044360f63ae",
            "id": "/subscriptions/fd5b7afe-28d8-4713-9892-c235918d8ecf/resourceGroups/se31-k8s101-workshop/providers/Microsoft.Network/virtualNetworks/linuxvm_network",
            "location": "eastus",
            "name": "linuxvm_network",
            "resource_group_name": "se31-k8s101-workshop",
            "subnet": [
              {
                "address_prefix": "10.0.0.0/26",
                "id": "/subscriptions/fd5b7afe-28d8-4713-9892-c235918d8ecf/resourceGroups/se31-k8s101-workshop/providers/Microsoft.Network/virtualNetworks/linuxvm_network/subnets/protected_subnet",
                "name": "protected_subnet",
                "security_group": ""
              }
            ],
            "tags": {},
            "timeouts": null
          },
          "sensitive_attributes": [],
          "private": "eyJlMmJmYjczMC1lY2FhLTExZTYtOGY4OC0zNDM2M2JjN2M0YzAiOnsiY3JlYXRlIjoxODAwMDAwMDAwMDAwLCJkZWxldGUiOjE4MDAwMDAwMDAwMDAsInJlYWQiOjMwMDAwMDAwMDAwMCwidXBkYXRlIjoxODAwMDAwMDAwMDAwfX0=",
          "dependencies": [
            "data.azurerm_resource_group.resourcegroup"
          ]
        }
      ]
    }
  ],
  "check_results": []
}
