{
  "version": 4,
  "terraform_version": "1.3.3",
  "serial": 23,
  "lineage": "f7465110-fe6a-09b7-6cd3-8f8c8f4ef619",
  "outputs": {},
  "resources": [
    {
      "mode": "data",
      "type": "azurerm_resource_group",
      "name": "resourcegroup",
      "provider": "provider[\"registry.terraform.io/hashicorp/azurerm\"]",
      "instances": [
        {
          "schema_version": 0,
          "attributes": {
            "id": "/subscriptions/fd5b7afe-28d8-4713-9892-c235918d8ecf/resourceGroups/sallam-k8s101-workshop",
            "location": "eastus",
            "name": "sallam-k8s101-workshop",
            "tags": {
              "CreatedOnDate": "2024-02-21T00:13:34.4467526Z"
            },
            "timeouts": null
          },
          "sensitive_attributes": []
        }
      ]
    },
    {
      "mode": "managed",
      "type": "azurerm_linux_virtual_machine",
      "name": "linuxvm",
      "provider": "provider[\"registry.terraform.io/hashicorp/azurerm\"]",
      "instances": [
        {
          "index_key": 0,
          "schema_version": 0,
          "attributes": {
            "additional_capabilities": [],
            "admin_password": "AdminPassword1234!",
            "admin_ssh_key": [],
            "admin_username": "adminuser",
            "allow_extension_operations": true,
            "availability_set_id": "",
            "boot_diagnostics": [],
            "computer_name": "linuxvm-0",
            "custom_data": null,
            "dedicated_host_group_id": "",
            "dedicated_host_id": "",
            "disable_password_authentication": false,
            "edge_zone": "",
            "encryption_at_host_enabled": false,
            "eviction_policy": "",
            "extensions_time_budget": "PT1H30M",
            "id": "/subscriptions/fd5b7afe-28d8-4713-9892-c235918d8ecf/resourceGroups/sallam-k8s101-workshop/providers/Microsoft.Compute/virtualMachines/linuxvm-0",
            "identity": [],
            "license_type": "",
            "location": "eastus",
            "max_bid_price": -1,
            "name": "linuxvm-0",
            "network_interface_ids": [
              "/subscriptions/fd5b7afe-28d8-4713-9892-c235918d8ecf/resourceGroups/sallam-k8s101-workshop/providers/Microsoft.Network/networkInterfaces/linuxvmnic-0"
            ],
            "os_disk": [
              {
                "caching": "ReadWrite",
                "diff_disk_settings": [],
                "disk_encryption_set_id": "",
                "disk_size_gb": 30,
                "name": "linuxvm-0_disk1_1e86e083fc8a4a718ef8c18475d0a700",
                "storage_account_type": "Standard_LRS",
                "write_accelerator_enabled": false
              }
            ],
            "patch_mode": "ImageDefault",
            "plan": [],
            "platform_fault_domain": -1,
            "priority": "Regular",
            "private_ip_address": "10.0.0.5",
            "private_ip_addresses": [
              "10.0.0.5"
            ],
            "provision_vm_agent": true,
            "proximity_placement_group_id": "",
            "public_ip_address": "40.121.179.65",
            "public_ip_addresses": [
              "40.121.179.65"
            ],
            "resource_group_name": "sallam-k8s101-workshop",
            "secret": [],
            "secure_boot_enabled": false,
            "size": "Standard_B2s",
            "source_image_id": "",
            "source_image_reference": [
              {
                "offer": "0001-com-ubuntu-server-focal",
                "publisher": "canonical",
                "sku": "20_04-lts-gen2",
                "version": "latest"
              }
            ],
            "tags": null,
            "termination_notification": null,
            "timeouts": null,
            "user_data": "",
            "virtual_machine_id": "0995d602-2965-41c2-8d87-496c49eb3da3",
            "virtual_machine_scale_set_id": "",
            "vtpm_enabled": false,
            "zone": ""
          },
          "sensitive_attributes": [],
          "private": "eyJlMmJmYjczMC1lY2FhLTExZTYtOGY4OC0zNDM2M2JjN2M0YzAiOnsiY3JlYXRlIjoyNzAwMDAwMDAwMDAwLCJkZWxldGUiOjI3MDAwMDAwMDAwMDAsInJlYWQiOjMwMDAwMDAwMDAwMCwidXBkYXRlIjoyNzAwMDAwMDAwMDAwfX0=",
          "dependencies": [
            "azurerm_network_interface.nic",
            "azurerm_public_ip.linuxpip",
            "azurerm_subnet.protectedsubnet",
            "azurerm_virtual_network.linuxvmnetwork",
            "data.azurerm_resource_group.resourcegroup"
          ]
        },
        {
          "index_key": 1,
          "schema_version": 0,
          "attributes": {
            "additional_capabilities": [],
            "admin_password": "AdminPassword1234!",
            "admin_ssh_key": [],
            "admin_username": "adminuser",
            "allow_extension_operations": true,
            "availability_set_id": "",
            "boot_diagnostics": [],
            "computer_name": "linuxvm-1",
            "custom_data": null,
            "dedicated_host_group_id": "",
            "dedicated_host_id": "",
            "disable_password_authentication": false,
            "edge_zone": "",
            "encryption_at_host_enabled": false,
            "eviction_policy": "",
            "extensions_time_budget": "PT1H30M",
            "id": "/subscriptions/fd5b7afe-28d8-4713-9892-c235918d8ecf/resourceGroups/sallam-k8s101-workshop/providers/Microsoft.Compute/virtualMachines/linuxvm-1",
            "identity": [],
            "license_type": "",
            "location": "eastus",
            "max_bid_price": -1,
            "name": "linuxvm-1",
            "network_interface_ids": [
              "/subscriptions/fd5b7afe-28d8-4713-9892-c235918d8ecf/resourceGroups/sallam-k8s101-workshop/providers/Microsoft.Network/networkInterfaces/linuxvmnic-1"
            ],
            "os_disk": [
              {
                "caching": "ReadWrite",
                "diff_disk_settings": [],
                "disk_encryption_set_id": "",
                "disk_size_gb": 30,
                "name": "linuxvm-1_disk1_247c0f729a1c4044a584cdb81e50ee56",
                "storage_account_type": "Standard_LRS",
                "write_accelerator_enabled": false
              }
            ],
            "patch_mode": "ImageDefault",
            "plan": [],
            "platform_fault_domain": -1,
            "priority": "Regular",
            "private_ip_address": "10.0.0.4",
            "private_ip_addresses": [
              "10.0.0.4"
            ],
            "provision_vm_agent": true,
            "proximity_placement_group_id": "",
            "public_ip_address": "13.92.199.51",
            "public_ip_addresses": [
              "13.92.199.51"
            ],
            "resource_group_name": "sallam-k8s101-workshop",
            "secret": [],
            "secure_boot_enabled": false,
            "size": "Standard_B2s",
            "source_image_id": "",
            "source_image_reference": [
              {
                "offer": "0001-com-ubuntu-server-focal",
                "publisher": "canonical",
                "sku": "20_04-lts-gen2",
                "version": "latest"
              }
            ],
            "tags": null,
            "termination_notification": null,
            "timeouts": null,
            "user_data": "",
            "virtual_machine_id": "779fd8c1-87df-43c7-a227-6114508e8843",
            "virtual_machine_scale_set_id": "",
            "vtpm_enabled": false,
            "zone": ""
          },
          "sensitive_attributes": [],
          "private": "eyJlMmJmYjczMC1lY2FhLTExZTYtOGY4OC0zNDM2M2JjN2M0YzAiOnsiY3JlYXRlIjoyNzAwMDAwMDAwMDAwLCJkZWxldGUiOjI3MDAwMDAwMDAwMDAsInJlYWQiOjMwMDAwMDAwMDAwMCwidXBkYXRlIjoyNzAwMDAwMDAwMDAwfX0=",
          "dependencies": [
            "azurerm_network_interface.nic",
            "azurerm_public_ip.linuxpip",
            "azurerm_subnet.protectedsubnet",
            "azurerm_virtual_network.linuxvmnetwork",
            "data.azurerm_resource_group.resourcegroup"
          ]
        }
      ]
    },
    {
      "mode": "managed",
      "type": "azurerm_network_interface",
      "name": "nic",
      "provider": "provider[\"registry.terraform.io/hashicorp/azurerm\"]",
      "instances": [
        {
          "index_key": 0,
          "schema_version": 0,
          "attributes": {
            "applied_dns_servers": [],
            "dns_servers": [],
            "edge_zone": "",
            "enable_accelerated_networking": false,
            "enable_ip_forwarding": false,
            "id": "/subscriptions/fd5b7afe-28d8-4713-9892-c235918d8ecf/resourceGroups/sallam-k8s101-workshop/providers/Microsoft.Network/networkInterfaces/linuxvmnic-0",
            "internal_dns_name_label": "",
            "internal_domain_name_suffix": "zigndno2rtcudctwooeeulnpcb.bx.internal.cloudapp.net",
            "ip_configuration": [
              {
                "gateway_load_balancer_frontend_ip_configuration_id": "",
                "name": "linuxvm-nic-ipconfig-0",
                "primary": true,
                "private_ip_address": "10.0.0.5",
                "private_ip_address_allocation": "Dynamic",
                "private_ip_address_version": "IPv4",
                "public_ip_address_id": "/subscriptions/fd5b7afe-28d8-4713-9892-c235918d8ecf/resourceGroups/sallam-k8s101-workshop/providers/Microsoft.Network/publicIPAddresses/linuxvm-0",
                "subnet_id": "/subscriptions/fd5b7afe-28d8-4713-9892-c235918d8ecf/resourceGroups/sallam-k8s101-workshop/providers/Microsoft.Network/virtualNetworks/linuxvm_network/subnets/protected_subnet"
              }
            ],
            "location": "eastus",
            "mac_address": "",
            "name": "linuxvmnic-0",
            "private_ip_address": "10.0.0.5",
            "private_ip_addresses": [
              "10.0.0.5"
            ],
            "resource_group_name": "sallam-k8s101-workshop",
            "tags": {},
            "timeouts": null,
            "virtual_machine_id": ""
          },
          "sensitive_attributes": [],
          "private": "eyJlMmJmYjczMC1lY2FhLTExZTYtOGY4OC0zNDM2M2JjN2M0YzAiOnsiY3JlYXRlIjoxODAwMDAwMDAwMDAwLCJkZWxldGUiOjE4MDAwMDAwMDAwMDAsInJlYWQiOjMwMDAwMDAwMDAwMCwidXBkYXRlIjoxODAwMDAwMDAwMDAwfX0=",
          "dependencies": [
            "azurerm_public_ip.linuxpip",
            "azurerm_subnet.protectedsubnet",
            "azurerm_virtual_network.linuxvmnetwork",
            "data.azurerm_resource_group.resourcegroup"
          ]
        },
        {
          "index_key": 1,
          "schema_version": 0,
          "attributes": {
            "applied_dns_servers": [],
            "dns_servers": [],
            "edge_zone": "",
            "enable_accelerated_networking": false,
            "enable_ip_forwarding": false,
            "id": "/subscriptions/fd5b7afe-28d8-4713-9892-c235918d8ecf/resourceGroups/sallam-k8s101-workshop/providers/Microsoft.Network/networkInterfaces/linuxvmnic-1",
            "internal_dns_name_label": "",
            "internal_domain_name_suffix": "zigndno2rtcudctwooeeulnpcb.bx.internal.cloudapp.net",
            "ip_configuration": [
              {
                "gateway_load_balancer_frontend_ip_configuration_id": "",
                "name": "linuxvm-nic-ipconfig-1",
                "primary": true,
                "private_ip_address": "10.0.0.4",
                "private_ip_address_allocation": "Dynamic",
                "private_ip_address_version": "IPv4",
                "public_ip_address_id": "/subscriptions/fd5b7afe-28d8-4713-9892-c235918d8ecf/resourceGroups/sallam-k8s101-workshop/providers/Microsoft.Network/publicIPAddresses/linuxvm-1",
                "subnet_id": "/subscriptions/fd5b7afe-28d8-4713-9892-c235918d8ecf/resourceGroups/sallam-k8s101-workshop/providers/Microsoft.Network/virtualNetworks/linuxvm_network/subnets/protected_subnet"
              }
            ],
            "location": "eastus",
            "mac_address": "",
            "name": "linuxvmnic-1",
            "private_ip_address": "10.0.0.4",
            "private_ip_addresses": [
              "10.0.0.4"
            ],
            "resource_group_name": "sallam-k8s101-workshop",
            "tags": {},
            "timeouts": null,
            "virtual_machine_id": ""
          },
          "sensitive_attributes": [],
          "private": "eyJlMmJmYjczMC1lY2FhLTExZTYtOGY4OC0zNDM2M2JjN2M0YzAiOnsiY3JlYXRlIjoxODAwMDAwMDAwMDAwLCJkZWxldGUiOjE4MDAwMDAwMDAwMDAsInJlYWQiOjMwMDAwMDAwMDAwMCwidXBkYXRlIjoxODAwMDAwMDAwMDAwfX0=",
          "dependencies": [
            "azurerm_public_ip.linuxpip",
            "azurerm_subnet.protectedsubnet",
            "azurerm_virtual_network.linuxvmnetwork",
            "data.azurerm_resource_group.resourcegroup"
          ]
        }
      ]
    },
    {
      "mode": "managed",
      "type": "azurerm_public_ip",
      "name": "linuxpip",
      "provider": "provider[\"registry.terraform.io/hashicorp/azurerm\"]",
      "instances": [
        {
          "index_key": 0,
          "schema_version": 0,
          "attributes": {
            "allocation_method": "Static",
            "domain_name_label": null,
            "edge_zone": "",
            "fqdn": null,
            "id": "/subscriptions/fd5b7afe-28d8-4713-9892-c235918d8ecf/resourceGroups/sallam-k8s101-workshop/providers/Microsoft.Network/publicIPAddresses/linuxvm-0",
            "idle_timeout_in_minutes": 4,
            "ip_address": "40.121.179.65",
            "ip_tags": {},
            "ip_version": "IPv4",
            "location": "eastus",
            "name": "linuxvm-0",
            "public_ip_prefix_id": null,
            "resource_group_name": "sallam-k8s101-workshop",
            "reverse_fqdn": null,
            "sku": "Basic",
            "sku_tier": "Regional",
            "tags": {},
            "timeouts": null,
            "zones": []
          },
          "sensitive_attributes": [],
          "private": "eyJlMmJmYjczMC1lY2FhLTExZTYtOGY4OC0zNDM2M2JjN2M0YzAiOnsiY3JlYXRlIjoxODAwMDAwMDAwMDAwLCJkZWxldGUiOjE4MDAwMDAwMDAwMDAsInJlYWQiOjMwMDAwMDAwMDAwMCwidXBkYXRlIjoxODAwMDAwMDAwMDAwfX0=",
          "dependencies": [
            "data.azurerm_resource_group.resourcegroup"
          ]
        },
        {
          "index_key": 1,
          "schema_version": 0,
          "attributes": {
            "allocation_method": "Static",
            "domain_name_label": null,
            "edge_zone": "",
            "fqdn": null,
            "id": "/subscriptions/fd5b7afe-28d8-4713-9892-c235918d8ecf/resourceGroups/sallam-k8s101-workshop/providers/Microsoft.Network/publicIPAddresses/linuxvm-1",
            "idle_timeout_in_minutes": 4,
            "ip_address": "13.92.199.51",
            "ip_tags": {},
            "ip_version": "IPv4",
            "location": "eastus",
            "name": "linuxvm-1",
            "public_ip_prefix_id": null,
            "resource_group_name": "sallam-k8s101-workshop",
            "reverse_fqdn": null,
            "sku": "Basic",
            "sku_tier": "Regional",
            "tags": {},
            "timeouts": null,
            "zones": []
          },
          "sensitive_attributes": [],
          "private": "eyJlMmJmYjczMC1lY2FhLTExZTYtOGY4OC0zNDM2M2JjN2M0YzAiOnsiY3JlYXRlIjoxODAwMDAwMDAwMDAwLCJkZWxldGUiOjE4MDAwMDAwMDAwMDAsInJlYWQiOjMwMDAwMDAwMDAwMCwidXBkYXRlIjoxODAwMDAwMDAwMDAwfX0=",
          "dependencies": [
            "data.azurerm_resource_group.resourcegroup"
          ]
        }
      ]
    },
    {
      "mode": "managed",
      "type": "azurerm_subnet",
      "name": "protectedsubnet",
      "provider": "provider[\"registry.terraform.io/hashicorp/azurerm\"]",
      "instances": [
        {
          "schema_version": 0,
          "attributes": {
            "address_prefixes": [
              "10.0.0.0/26"
            ],
            "delegation": [],
            "enforce_private_link_endpoint_network_policies": false,
            "enforce_private_link_service_network_policies": false,
            "id": "/subscriptions/fd5b7afe-28d8-4713-9892-c235918d8ecf/resourceGroups/sallam-k8s101-workshop/providers/Microsoft.Network/virtualNetworks/linuxvm_network/subnets/protected_subnet",
            "name": "protected_subnet",
            "resource_group_name": "sallam-k8s101-workshop",
            "service_endpoint_policy_ids": [],
            "service_endpoints": [],
            "timeouts": null,
            "virtual_network_name": "linuxvm_network"
          },
          "sensitive_attributes": [],
          "private": "eyJlMmJmYjczMC1lY2FhLTExZTYtOGY4OC0zNDM2M2JjN2M0YzAiOnsiY3JlYXRlIjoxODAwMDAwMDAwMDAwLCJkZWxldGUiOjE4MDAwMDAwMDAwMDAsInJlYWQiOjMwMDAwMDAwMDAwMCwidXBkYXRlIjoxODAwMDAwMDAwMDAwfX0=",
          "dependencies": [
            "azurerm_virtual_network.linuxvmnetwork",
            "data.azurerm_resource_group.resourcegroup"
          ]
        }
      ]
    },
    {
      "mode": "managed",
      "type": "azurerm_virtual_network",
      "name": "linuxvmnetwork",
      "provider": "provider[\"registry.terraform.io/hashicorp/azurerm\"]",
      "instances": [
        {
          "schema_version": 0,
          "attributes": {
            "address_space": [
              "10.0.0.0/24"
            ],
            "bgp_community": "",
            "ddos_protection_plan": [],
            "dns_servers": [],
            "edge_zone": "",
            "flow_timeout_in_minutes": 0,
            "guid": "b5d10cca-8cdc-41c5-8a76-73884a2daf11",
            "id": "/subscriptions/fd5b7afe-28d8-4713-9892-c235918d8ecf/resourceGroups/sallam-k8s101-workshop/providers/Microsoft.Network/virtualNetworks/linuxvm_network",
            "location": "eastus",
            "name": "linuxvm_network",
            "resource_group_name": "sallam-k8s101-workshop",
            "subnet": [
              {
                "address_prefix": "10.0.0.0/26",
                "id": "/subscriptions/fd5b7afe-28d8-4713-9892-c235918d8ecf/resourceGroups/sallam-k8s101-workshop/providers/Microsoft.Network/virtualNetworks/linuxvm_network/subnets/protected_subnet",
                "name": "protected_subnet",
                "security_group": ""
              }
            ],
            "tags": {},
            "timeouts": null
          },
          "sensitive_attributes": [],
          "private": "eyJlMmJmYjczMC1lY2FhLTExZTYtOGY4OC0zNDM2M2JjN2M0YzAiOnsiY3JlYXRlIjoxODAwMDAwMDAwMDAwLCJkZWxldGUiOjE4MDAwMDAwMDAwMDAsInJlYWQiOjMwMDAwMDAwMDAwMCwidXBkYXRlIjoxODAwMDAwMDAwMDAwfX0=",
          "dependencies": [
            "data.azurerm_resource_group.resourcegroup"
          ]
        }
      ]
    }
  ],
  "check_results": []
}
